
Microsoft Visual Studio Solution File, Format Version 12.00
# Visual Studio Version 17
VisualStudioVersion = 17.0.31903.59
MinimumVisualStudioVersion = 10.0.40219.1
Project("{FAE04EC0-301F-11D3-BF4B-00C04F79EFBC}") = "Domain", "Domain\Domain.csproj", "{C6F2BD3A-AAED-4354-A413-DD0910437052}"
EndProject
Project("{FAE04EC0-301F-11D3-BF4B-00C04F79EFBC}") = "Infrastructure", "Infrastructure\Infrastructure.csproj", "{C76E2DA1-6F08-4C93-B539-6CBFB00401F3}"
EndProject
Project("{FAE04EC0-301F-11D3-BF4B-00C04F79EFBC}") = "WebApp", "WebApp\WebApp.csproj", "{56DDD12B-7E9B-4492-8555-3343372BADA0}"
EndProject
Global
	GlobalSection(SolutionConfigurationPlatforms) = preSolution
		Debug|Any CPU = Debug|Any CPU
		Debug|x64 = Debug|x64
		Debug|x86 = Debug|x86
		Release|Any CPU = Release|Any CPU
		Release|x64 = Release|x64
		Release|x86 = Release|x86
	EndGlobalSection
	GlobalSection(ProjectConfigurationPlatforms) = postSolution
		{C6F2BD3A-AAED-4354-A413-DD0910437052}.Debug|Any CPU.ActiveCfg = Debug|Any CPU
		{C6F2BD3A-AAED-4354-A413-DD0910437052}.Debug|Any CPU.Build.0 = Debug|Any CPU
		{C6F2BD3A-AAED-4354-A413-DD0910437052}.Debug|x64.ActiveCfg = Debug|Any CPU
		{C6F2BD3A-AAED-4354-A413-DD0910437052}.Debug|x64.Build.0 = Debug|Any CPU
		{C6F2BD3A-AAED-4354-A413-DD0910437052}.Debug|x86.ActiveCfg = Debug|Any CPU
		{C6F2BD3A-AAED-4354-A413-DD0910437052}.Debug|x86.Build.0 = Debug|Any CPU
		{C6F2BD3A-AAED-4354-A413-DD0910437052}.Release|Any CPU.ActiveCfg = Release|Any CPU
		{C6F2BD3A-AAED-4354-A413-DD0910437052}.Release|Any CPU.Build.0 = Release|Any CPU
		{C6F2BD3A-AAED-4354-A413-DD0910437052}.Release|x64.ActiveCfg = Release|Any CPU
		{C6F2BD3A-AAED-4354-A413-DD0910437052}.Release|x64.Build.0 = Release|Any CPU
		{C6F2BD3A-AAED-4354-A413-DD0910437052}.Release|x86.ActiveCfg = Release|Any CPU
		{C6F2BD3A-AAED-4354-A413-DD0910437052}.Release|x86.Build.0 = Release|Any CPU
		{C76E2DA1-6F08-4C93-B539-6CBFB00401F3}.Debug|Any CPU.ActiveCfg = Debug|Any CPU
		{C76E2DA1-6F08-4C93-B539-6CBFB00401F3}.Debug|Any CPU.Build.0 = Debug|Any CPU
		{C76E2DA1-6F08-4C93-B539-6CBFB00401F3}.Debug|x64.ActiveCfg = Debug|Any CPU
		{C76E2DA1-6F08-4C93-B539-6CBFB00401F3}.Debug|x64.Build.0 = Debug|Any CPU
		{C76E2DA1-6F08-4C93-B539-6CBFB00401F3}.Debug|x86.ActiveCfg = Debug|Any CPU
		{C76E2DA1-6F08-4C93-B539-6CBFB00401F3}.Debug|x86.Build.0 = Debug|Any CPU
		{C76E2DA1-6F08-4C93-B539-6CBFB00401F3}.Release|Any CPU.ActiveCfg = Release|Any CPU
		{C76E2DA1-6F08-4C93-B539-6CBFB00401F3}.Release|Any CPU.Build.0 = Release|Any CPU
		{C76E2DA1-6F08-4C93-B539-6CBFB00401F3}.Release|x64.ActiveCfg = Release|Any CPU
		{C76E2DA1-6F08-4C93-B539-6CBFB00401F3}.Release|x64.Build.0 = Release|Any CPU
		{C76E2DA1-6F08-4C93-B539-6CBFB00401F3}.Release|x86.ActiveCfg = Release|Any CPU
		{C76E2DA1-6F08-4C93-B539-6CBFB00401F3}.Release|x86.Build.0 = Release|Any CPU
		{56DDD12B-7E9B-4492-8555-3343372BADA0}.Debug|Any CPU.ActiveCfg = Debug|Any CPU
		{56DDD12B-7E9B-4492-8555-3343372BADA0}.Debug|Any CPU.Build.0 = Debug|Any CPU
		{56DDD12B-7E9B-4492-8555-3343372BADA0}.Debug|x64.ActiveCfg = Debug|Any CPU
		{56DDD12B-7E9B-4492-8555-3343372BADA0}.Debug|x64.Build.0 = Debug|Any CPU
		{56DDD12B-7E9B-4492-8555-3343372BADA0}.Debug|x86.ActiveCfg = Debug|Any CPU
		{56DDD12B-7E9B-4492-8555-3343372BADA0}.Debug|x86.Build.0 = Debug|Any CPU
		{56DDD12B-7E9B-4492-8555-3343372BADA0}.Release|Any CPU.ActiveCfg = Release|Any CPU
		{56DDD12B-7E9B-4492-8555-3343372BADA0}.Release|Any CPU.Build.0 = Release|Any CPU
		{56DDD12B-7E9B-4492-8555-3343372BADA0}.Release|x64.ActiveCfg = Release|Any CPU
		{56DDD12B-7E9B-4492-8555-3343372BADA0}.Release|x64.Build.0 = Release|Any CPU
		{56DDD12B-7E9B-4492-8555-3343372BADA0}.Release|x86.ActiveCfg = Release|Any CPU
		{56DDD12B-7E9B-4492-8555-3343372BADA0}.Release|x86.Build.0 = Release|Any CPU
	EndGlobalSection
	GlobalSection(SolutionProperties) = preSolution
		HideSolutionNode = FALSE
	EndGlobalSection
EndGlobal
