
Microsoft Visual Studio Solution File, Format Version 12.00
# Visual Studio Version 17
VisualStudioVersion = 17.0.31903.59
MinimumVisualStudioVersion = 10.0.40219.1
Project("{FAE04EC0-301F-11D3-BF4B-00C04F79EFBC}") = "Infrastructure", "Infrastructure\Infrastructure.csproj", "{F7580D7E-6B58-4FA9-8D4F-3E7758F55D66}"
EndProject
Project("{FAE04EC0-301F-11D3-BF4B-00C04F79EFBC}") = "WebApp", "WebApp\WebApp.csproj", "{097E093F-A010-49EA-A605-AEF794BDEC27}"
EndProject
Project("{FAE04EC0-301F-11D3-BF4B-00C04F79EFBC}") = "Domain", "Domain\Domain.csproj", "{C0EF0BEE-5ABF-4CEA-A08A-2BE6E6514145}"
EndProject
Global
	GlobalSection(SolutionConfigurationPlatforms) = preSolution
		Debug|Any CPU = Debug|Any CPU
		Debug|x64 = Debug|x64
		Debug|x86 = Debug|x86
		Release|Any CPU = Release|Any CPU
		Release|x64 = Release|x64
		Release|x86 = Release|x86
	EndGlobalSection
	GlobalSection(ProjectConfigurationPlatforms) = postSolution
		{F7580D7E-6B58-4FA9-8D4F-3E7758F55D66}.Debug|Any CPU.ActiveCfg = Debug|Any CPU
		{F7580D7E-6B58-4FA9-8D4F-3E7758F55D66}.Debug|Any CPU.Build.0 = Debug|Any CPU
		{F7580D7E-6B58-4FA9-8D4F-3E7758F55D66}.Debug|x64.ActiveCfg = Debug|Any CPU
		{F7580D7E-6B58-4FA9-8D4F-3E7758F55D66}.Debug|x64.Build.0 = Debug|Any CPU
		{F7580D7E-6B58-4FA9-8D4F-3E7758F55D66}.Debug|x86.ActiveCfg = Debug|Any CPU
		{F7580D7E-6B58-4FA9-8D4F-3E7758F55D66}.Debug|x86.Build.0 = Debug|Any CPU
		{F7580D7E-6B58-4FA9-8D4F-3E7758F55D66}.Release|Any CPU.ActiveCfg = Release|Any CPU
		{F7580D7E-6B58-4FA9-8D4F-3E7758F55D66}.Release|Any CPU.Build.0 = Release|Any CPU
		{F7580D7E-6B58-4FA9-8D4F-3E7758F55D66}.Release|x64.ActiveCfg = Release|Any CPU
		{F7580D7E-6B58-4FA9-8D4F-3E7758F55D66}.Release|x64.Build.0 = Release|Any CPU
		{F7580D7E-6B58-4FA9-8D4F-3E7758F55D66}.Release|x86.ActiveCfg = Release|Any CPU
		{F7580D7E-6B58-4FA9-8D4F-3E7758F55D66}.Release|x86.Build.0 = Release|Any CPU
		{097E093F-A010-49EA-A605-AEF794BDEC27}.Debug|Any CPU.ActiveCfg = Debug|Any CPU
		{097E093F-A010-49EA-A605-AEF794BDEC27}.Debug|Any CPU.Build.0 = Debug|Any CPU
		{097E093F-A010-49EA-A605-AEF794BDEC27}.Debug|x64.ActiveCfg = Debug|Any CPU
		{097E093F-A010-49EA-A605-AEF794BDEC27}.Debug|x64.Build.0 = Debug|Any CPU
		{097E093F-A010-49EA-A605-AEF794BDEC27}.Debug|x86.ActiveCfg = Debug|Any CPU
		{097E093F-A010-49EA-A605-AEF794BDEC27}.Debug|x86.Build.0 = Debug|Any CPU
		{097E093F-A010-49EA-A605-AEF794BDEC27}.Release|Any CPU.ActiveCfg = Release|Any CPU
		{097E093F-A010-49EA-A605-AEF794BDEC27}.Release|Any CPU.Build.0 = Release|Any CPU
		{097E093F-A010-49EA-A605-AEF794BDEC27}.Release|x64.ActiveCfg = Release|Any CPU
		{097E093F-A010-49EA-A605-AEF794BDEC27}.Release|x64.Build.0 = Release|Any CPU
		{097E093F-A010-49EA-A605-AEF794BDEC27}.Release|x86.ActiveCfg = Release|Any CPU
		{097E093F-A010-49EA-A605-AEF794BDEC27}.Release|x86.Build.0 = Release|Any CPU
		{C0EF0BEE-5ABF-4CEA-A08A-2BE6E6514145}.Debug|Any CPU.ActiveCfg = Debug|Any CPU
		{C0EF0BEE-5ABF-4CEA-A08A-2BE6E6514145}.Debug|Any CPU.Build.0 = Debug|Any CPU
		{C0EF0BEE-5ABF-4CEA-A08A-2BE6E6514145}.Debug|x64.ActiveCfg = Debug|Any CPU
		{C0EF0BEE-5ABF-4CEA-A08A-2BE6E6514145}.Debug|x64.Build.0 = Debug|Any CPU
		{C0EF0BEE-5ABF-4CEA-A08A-2BE6E6514145}.Debug|x86.ActiveCfg = Debug|Any CPU
		{C0EF0BEE-5ABF-4CEA-A08A-2BE6E6514145}.Debug|x86.Build.0 = Debug|Any CPU
		{C0EF0BEE-5ABF-4CEA-A08A-2BE6E6514145}.Release|Any CPU.ActiveCfg = Release|Any CPU
		{C0EF0BEE-5ABF-4CEA-A08A-2BE6E6514145}.Release|Any CPU.Build.0 = Release|Any CPU
		{C0EF0BEE-5ABF-4CEA-A08A-2BE6E6514145}.Release|x64.ActiveCfg = Release|Any CPU
		{C0EF0BEE-5ABF-4CEA-A08A-2BE6E6514145}.Release|x64.Build.0 = Release|Any CPU
		{C0EF0BEE-5ABF-4CEA-A08A-2BE6E6514145}.Release|x86.ActiveCfg = Release|Any CPU
		{C0EF0BEE-5ABF-4CEA-A08A-2BE6E6514145}.Release|x86.Build.0 = Release|Any CPU
	EndGlobalSection
	GlobalSection(SolutionProperties) = preSolution
		HideSolutionNode = FALSE
	EndGlobalSection
EndGlobal
